
Microsoft Visual Studio Solution File, Format Version 12.00
# Visual Studio Version 16
VisualStudioVersion = 16.0.29806.167
MinimumVisualStudioVersion = 10.0.40219.1
Project("{FAE04EC0-301F-11D3-BF4B-00C04F79EFBC}") = "ConsoleApp1", "ConsoleApp1\ConsoleApp1.csproj", "{8023136D-5A06-4953-B9C8-F0A5EF824850}"
EndProject
Global
	GlobalSection(SolutionConfigurationPlatforms) = preSolution
		Debug|Any CPU = Debug|Any CPU
		Release|Any CPU = Release|Any CPU
	EndGlobalSection
	GlobalSection(ProjectConfigurationPlatforms) = postSolution
		{8023136D-5A06-4953-B9C8-F0A5EF824850}.Debug|Any CPU.ActiveCfg = Debug|Any CPU
		{8023136D-5A06-4953-B9C8-F0A5EF824850}.Debug|Any CPU.Build.0 = Debug|Any CPU
		{8023136D-5A06-4953-B9C8-F0A5EF824850}.Release|Any CPU.ActiveCfg = Release|Any CPU
		{8023136D-5A06-4953-B9C8-F0A5EF824850}.Release|Any CPU.Build.0 = Release|Any CPU
	EndGlobalSection
	GlobalSection(SolutionProperties) = preSolution
		HideSolutionNode = FALSE
	EndGlobalSection
	GlobalSection(ExtensibilityGlobals) = postSolution
		SolutionGuid = {9F3CF603-5B88-42AC-86AD-618A69B6B731}
	EndGlobalSection
EndGlobal
